# This file is automatically @generated by Cargo.
# It is not intended for manual editing.
# This helper intentionally has no third-party dependencies.  Keeping a lock
# file makes --locked builds fail closed if a future dependency is introduced
# without an explicit provenance review.
version = 4

[[package]]
name = "stryker-process-host"
version = "0.1.0"
